
Microsoft Visual Studio Solution File, Format Version 12.00
# Visual Studio Version 17
VisualStudioVersion = 17.7.34024.191
MinimumVisualStudioVersion = 10.0.40219.1
Project("{FAE04EC0-301F-11D3-BF4B-00C04F79EFBC}") = "Algoritmo distribuito", "Algoritmo distribuito\Algoritmo distribuito.csproj", "{BA01B128-02F4-4D0B-9701-1AFCA678B5E7}"
EndProject
Global
	GlobalSection(SolutionConfigurationPlatforms) = preSolution
		Debug|Any CPU = Debug|Any CPU
		Release|Any CPU = Release|Any CPU
	EndGlobalSection
	GlobalSection(ProjectConfigurationPlatforms) = postSolution
		{BA01B128-02F4-4D0B-9701-1AFCA678B5E7}.Debug|Any CPU.ActiveCfg = Debug|Any CPU
		{BA01B128-02F4-4D0B-9701-1AFCA678B5E7}.Debug|Any CPU.Build.0 = Debug|Any CPU
		{BA01B128-02F4-4D0B-9701-1AFCA678B5E7}.Release|Any CPU.ActiveCfg = Release|Any CPU
		{BA01B128-02F4-4D0B-9701-1AFCA678B5E7}.Release|Any CPU.Build.0 = Release|Any CPU
	EndGlobalSection
	GlobalSection(SolutionProperties) = preSolution
		HideSolutionNode = FALSE
	EndGlobalSection
	GlobalSection(ExtensibilityGlobals) = postSolution
		SolutionGuid = {27E6766A-B3B8-492B-B308-BC6145B50E9C}
	EndGlobalSection
EndGlobal
